Microsoft Visual Studio Solution File, Format Version 12.00
# Visual Studio Version 17
VisualStudioVersion = 17.5.2.0
MinimumVisualStudioVersion = 10.0.40219.1
Project("{FAE04EC0-301F-11D3-BF4B-00C04F79EFBC}") = "WebTicket", "WebTicket.csproj", "{92DABFF7-9578-A648-274B-46E7F45CECC8}"
EndProject
Global
	GlobalSection(SolutionConfigurationPlatforms) = preSolution
		Debug|Any CPU = Debug|Any CPU
		Release|Any CPU = Release|Any CPU
	EndGlobalSection
	GlobalSection(ProjectConfigurationPlatforms) = postSolution
		{92DABFF7-9578-A648-274B-46E7F45CECC8}.Debug|Any CPU.ActiveCfg = Debug|Any CPU
		{92DABFF7-9578-A648-274B-46E7F45CECC8}.Debug|Any CPU.Build.0 = Debug|Any CPU
		{92DABFF7-9578-A648-274B-46E7F45CECC8}.Release|Any CPU.ActiveCfg = Release|Any CPU
		{92DABFF7-9578-A648-274B-46E7F45CECC8}.Release|Any CPU.Build.0 = Release|Any CPU
	EndGlobalSection
	GlobalSection(SolutionProperties) = preSolution
		HideSolutionNode = FALSE
	EndGlobalSection
	GlobalSection(ExtensibilityGlobals) = postSolution
		SolutionGuid = {9A271A28-1BF5-4B11-8803-EBDFD563E335}
	EndGlobalSection
EndGlobal
